# This file is automatically @generated by Cargo.
# It is not intended for manual editing.
[[package]]
name = "const-sha1"
version = "0.2.0"
source = "registry+https://github.com/rust-lang/crates.io-index"
checksum = "fb58b6451e8c2a812ad979ed1d83378caa5e927eef2622017a45f251457c2c9d"

[[package]]
name = "getopts"
version = "0.2.21"
source = "registry+https://github.com/rust-lang/crates.io-index"
checksum = "14dbbfd5c71d70241ecf9e6f13737f7b5ce823821063188d7e46c41d371eebd5"
dependencies = [
 "unicode-width",
]

[[package]]
name = "imeonoff"
version = "0.1.0"
dependencies = [
 "getopts",
 "windows",
]

[[package]]
name = "proc-macro2"
version = "1.0.24"
source = "registry+https://github.com/rust-lang/crates.io-index"
checksum = "1e0704ee1a7e00d7bb417d0770ea303c1bccbabf0ef1667dae92b5967f5f8a71"
dependencies = [
 "unicode-xid",
]

[[package]]
name = "quote"
version = "1.0.9"
source = "registry+https://github.com/rust-lang/crates.io-index"
checksum = "c3d0b9745dc2debf507c8422de05d7226cc1f0644216dfdfead988f9b1ab32a7"
dependencies = [
 "proc-macro2",
]

[[package]]
name = "squote"
version = "0.1.2"
source = "registry+https://github.com/rust-lang/crates.io-index"
checksum = "1fccf17fd09e2455ea796d2ad267b64fa2c5cbd8701b2a93b555d2aa73449f7d"

[[package]]
name = "syn"
version = "1.0.64"
source = "registry+https://github.com/rust-lang/crates.io-index"
checksum = "3fd9d1e9976102a03c542daa2eff1b43f9d72306342f3f8b3ed5fb8908195d6f"
dependencies = [
 "proc-macro2",
 "quote",
 "unicode-xid",
]

[[package]]
name = "unicode-width"
version = "0.1.8"
source = "registry+https://github.com/rust-lang/crates.io-index"
checksum = "9337591893a19b88d8d87f2cec1e73fad5cdfd10e5a6f349f498ad6ea2ffb1e3"

[[package]]
name = "unicode-xid"
version = "0.2.1"
source = "registry+https://github.com/rust-lang/crates.io-index"
checksum = "f7fe0bb3479651439c9112f72b6c505038574c9fbb575ed1bf3b797fa39dd564"

[[package]]
name = "windows"
version = "0.5.0"
source = "registry+https://github.com/rust-lang/crates.io-index"
checksum = "91294bf1e3791f04e442c6d57ea2c118e21ca5b0953f9465fdc8c33046f5b5c9"
dependencies = [
 "const-sha1",
 "windows_gen",
 "windows_macros",
]

[[package]]
name = "windows_gen"
version = "0.5.0"
source = "registry+https://github.com/rust-lang/crates.io-index"
checksum = "334e75d3c85c56ebb36e44efabd8f0da3c0b379ad2af9691aca5a1ad1ff202e8"
dependencies = [
 "proc-macro2",
 "quote",
 "squote",
 "syn",
 "windows_gen_macros",
]

[[package]]
name = "windows_gen_macros"
version = "0.5.0"
source = "registry+https://github.com/rust-lang/crates.io-index"
checksum = "a97c77daa4275ca227bd89ea62adaa430f1e7281c1d35419bafe9e5f9ca69052"
dependencies = [
 "proc-macro2",
 "quote",
 "syn",
]

[[package]]
name = "windows_macros"
version = "0.5.0"
source = "registry+https://github.com/rust-lang/crates.io-index"
checksum = "8411774b50e671ab93d4579f74d966059a32fc749295659b0946e09ae3869726"
dependencies = [
 "proc-macro2",
 "quote",
 "squote",
 "syn",
 "windows_gen",
]
